
Microsoft Visual Studio Solution File, Format Version 12.00
# Visual Studio Version 16
VisualStudioVersion = 16.0.29519.87
MinimumVisualStudioVersion = 10.0.40219.1
Project("{FAE04EC0-301F-11D3-BF4B-00C04F79EFBC}") = "ödev 2", "ödev 2\ödev 2.csproj", "{F2237EC5-98ED-48D5-B025-5C97E3BB8A8D}"
EndProject
Global
	GlobalSection(SolutionConfigurationPlatforms) = preSolution
		Debug|Any CPU = Debug|Any CPU
		Release|Any CPU = Release|Any CPU
	EndGlobalSection
	GlobalSection(ProjectConfigurationPlatforms) = postSolution
		{F2237EC5-98ED-48D5-B025-5C97E3BB8A8D}.Debug|Any CPU.ActiveCfg = Debug|Any CPU
		{F2237EC5-98ED-48D5-B025-5C97E3BB8A8D}.Debug|Any CPU.Build.0 = Debug|Any CPU
		{F2237EC5-98ED-48D5-B025-5C97E3BB8A8D}.Release|Any CPU.ActiveCfg = Release|Any CPU
		{F2237EC5-98ED-48D5-B025-5C97E3BB8A8D}.Release|Any CPU.Build.0 = Release|Any CPU
	EndGlobalSection
	GlobalSection(SolutionProperties) = preSolution
		HideSolutionNode = FALSE
	EndGlobalSection
	GlobalSection(ExtensibilityGlobals) = postSolution
		SolutionGuid = {02842E93-B43E-456E-8A49-BE75B6CCC7B8}
	EndGlobalSection
EndGlobal
